[[package]]
name = "board"
version = "1.0"
description = "Standard Board mechanism for Dojo tasks"
category = "main"
optional = false
python-versions = "*"

[[package]]
name = "cl-chess"
version = "1.2.7"
description = "A program to play chess on the command line"
category = "main"
optional = false
python-versions = "*"

[package.dependencies]
termcolor = "*"

[[package]]
name = "pygame"
version = "2.1.3"
description = "Python Game Development"
category = "main"
optional = false
python-versions = ">=3.6"

[[package]]
name = "pygame-menu"
version = "4.3.7"
description = "A menu for pygame. Simple, and easy to use"
category = "main"
optional = false
python-versions = ">=3.7, <4"

[package.dependencies]
pygame = ">=1.9.3"
pyperclip = "*"
typing-extensions = "*"

[package.extras]
docs = ["sphinx", "sphinx-autodoc-typehints (>=1.2.0)", "sphinx-rtd-theme"]
test = ["codecov", "nose2"]

[[package]]
name = "pyperclip"
version = "1.8.2"
description = "A cross-platform clipboard module for Python. (Only handles plain text for now.)"
category = "main"
optional = false
python-versions = "*"

[[package]]
name = "termcolor"
version = "2.2.0"
description = "ANSI color formatting for output in terminal"
category = "main"
optional = false
python-versions = ">=3.7"

[package.extras]
tests = ["pytest", "pytest-cov"]

[[package]]
name = "typing-extensions"
version = "4.5.0"
description = "Backported and Experimental Type Hints for Python 3.7+"
category = "main"
optional = false
python-versions = ">=3.7"

[metadata]
lock-version = "1.1"
python-versions = "^3.10"
content-hash = "efcfcbd2c7b5a5646cc13a705e60b108310e7087e61fb0dff75e6aa875d5a2e8"

[metadata.files]
board = []
cl-chess = []
pygame = []
pygame-menu = []
pyperclip = []
termcolor = []
typing-extensions = []
